// !$*UTF8*$!
{
	archiveVersion = 1;
	classes = {
	};
	objectVersion = 46;
	objects = {

/* Begin PBXBuildFile section */
		980458F71E2E592B00160645 /* RegisterViewController.swift in Sources */ = {isa = PBXBuildFile; fileRef = 980458F61E2E592B00160645 /* RegisterViewController.swift */; };
		980DCEDE1E3171BA0012BE4D /* joandi.png in Resources */ = {isa = PBXBuildFile; fileRef = 980DCEDD1E3171BA0012BE4D /* joandi.png */; };
		980E8BE61E2FF05500ECB77D /* ProfileViewController.swift in Sources */ = {isa = PBXBuildFile; fileRef = 980E8BE51E2FF05500ECB77D /* ProfileViewController.swift */; };
		980E8BE81E2FF54000ECB77D /* ProductViewController.swift in Sources */ = {isa = PBXBuildFile; fileRef = 980E8BE71E2FF54000ECB77D /* ProductViewController.swift */; };
		9813818C1E3169B400EF90B1 /* cartProduct.swift in Sources */ = {isa = PBXBuildFile; fileRef = 9813818B1E3169B400EF90B1 /* cartProduct.swift */; };
		9820670B1E311EAF00FC8732 /* Add_to_Cart-512.png in Resources */ = {isa = PBXBuildFile; fileRef = 9820670A1E311EAF00FC8732 /* Add_to_Cart-512.png */; };
		9862ECA81E198792000E5B28 /* ViewController.swift in Sources */ = {isa = PBXBuildFile; fileRef = 9862ECA71E198792000E5B28 /* ViewController.swift */; };
		98A0022B1E19C68400260D64 /* LoginViewController.swift in Sources */ = {isa = PBXBuildFile; fileRef = 98A0022A1E19C68400260D64 /* LoginViewController.swift */; };
		98A823EA1E2E5BB500C79210 /* main.storyboard in Resources */ = {isa = PBXBuildFile; fileRef = 98A823E91E2E5BB500C79210 /* main.storyboard */; };
		98C78F061E16B8FA004A0688 /* Properties.plist in Resources */ = {isa = PBXBuildFile; fileRef = 98C78F051E16B8FA004A0688 /* Properties.plist */; };
		98C78F091E16BBDE004A0688 /* Product.swift in Sources */ = {isa = PBXBuildFile; fileRef = 98C78F081E16BBDE004A0688 /* Product.swift */; };
		98C78F0B1E16BC99004A0688 /* Category.swift in Sources */ = {isa = PBXBuildFile; fileRef = 98C78F0A1E16BC99004A0688 /* Category.swift */; };
		A5DDF556D8EB32031D7336DD /* Pods_JoandiPhone.framework in Frameworks */ = {isa = PBXBuildFile; fileRef = 33F4A4713375BC52DD590FA2 /* Pods_JoandiPhone.framework */; };
		A86035CA1DF839DF00579CC0 /* AppDelegate.swift in Sources */ = {isa = PBXBuildFile; fileRef = A86035C91DF839DF00579CC0 /* AppDelegate.swift */; };
		A86035D11DF839DF00579CC0 /* Assets.xcassets in Resources */ = {isa = PBXBuildFile; fileRef = A86035D01DF839DF00579CC0 /* Assets.xcassets */; };
		A86035D41DF839DF00579CC0 /* LaunchScreen.storyboard in Resources */ = {isa = PBXBuildFile; fileRef = A86035D21DF839DF00579CC0 /* LaunchScreen.storyboard */; };
/* End PBXBuildFile section */

/* Begin PBXContainerItemProxy section */
		A86035DB1DF839DF00579CC0 /* PBXContainerItemProxy */ = {
			isa = PBXContainerItemProxy;
			containerPortal = A86035BE1DF839DF00579CC0 /* Project object */;
			proxyType = 1;
			remoteGlobalIDString = A86035C51DF839DF00579CC0;
			remoteInfo = JoandiPhone;
		};
		A86035E61DF839E000579CC0 /* PBXContainerItemProxy */ = {
			isa = PBXContainerItemProxy;
			containerPortal = A86035BE1DF839DF00579CC0 /* Project object */;
			proxyType = 1;
			remoteGlobalIDString = A86035C51DF839DF00579CC0;
			remoteInfo = JoandiPhone;
		};
/* End PBXContainerItemProxy section */

/* Begin PBXFileReference section */
		33F4A4713375BC52DD590FA2 /* Pods_JoandiPhone.framework */ = {isa = PBXFileReference; explicitFileType = wrapper.framework; includeInIndex = 0; path = Pods_JoandiPhone.framework; sourceTree = BUILT_PRODUCTS_DIR; };
		6A956F8CE5FC7A4F45B0D566 /* Pods-JoandiPhone.debug.xcconfig */ = {isa = PBXFileReference; includeInIndex = 1; lastKnownFileType = text.xcconfig; name = "Pods-JoandiPhone.debug.xcconfig"; path = "Pods/Target Support Files/Pods-JoandiPhone/Pods-JoandiPhone.debug.xcconfig"; sourceTree = "<group>"; };
		980458F61E2E592B00160645 /* RegisterViewController.swift */ = {isa = PBXFileReference; fileEncoding = 4; lastKnownFileType = sourcecode.swift; path = RegisterViewController.swift; sourceTree = "<group>"; };
		980DCEDD1E3171BA0012BE4D /* joandi.png */ = {isa = PBXFileReference; lastKnownFileType = image.png; path = joandi.png; sourceTree = "<group>"; };
		980E8BE51E2FF05500ECB77D /* ProfileViewController.swift */ = {isa = PBXFileReference; fileEncoding = 4; lastKnownFileType = sourcecode.swift; path = ProfileViewController.swift; sourceTree = "<group>"; };
		980E8BE71E2FF54000ECB77D /* ProductViewController.swift */ = {isa = PBXFileReference; fileEncoding = 4; lastKnownFileType = sourcecode.swift; path = ProductViewController.swift; sourceTree = "<group>"; };
		9813818B1E3169B400EF90B1 /* cartProduct.swift */ = {isa = PBXFileReference; fileEncoding = 4; lastKnownFileType = sourcecode.swift; path = cartProduct.swift; sourceTree = "<group>"; };
		9820670A1E311EAF00FC8732 /* Add_to_Cart-512.png */ = {isa = PBXFileReference; lastKnownFileType = image.png; path = "Add_to_Cart-512.png"; sourceTree = "<group>"; };
		9862ECA71E198792000E5B28 /* ViewController.swift */ = {isa = PBXFileReference; fileEncoding = 4; lastKnownFileType = sourcecode.swift; path = ViewController.swift; sourceTree = "<group>"; };
		98A0022A1E19C68400260D64 /* LoginViewController.swift */ = {isa = PBXFileReference; fileEncoding = 4; lastKnownFileType = sourcecode.swift; path = LoginViewController.swift; sourceTree = "<group>"; };
		98A823E91E2E5BB500C79210 /* main.storyboard */ = {isa = PBXFileReference; fileEncoding = 4; lastKnownFileType = file.storyboard; path = main.storyboard; sourceTree = "<group>"; };
		98C78F051E16B8FA004A0688 /* Properties.plist */ = {isa = PBXFileReference; fileEncoding = 4; lastKnownFileType = text.plist.xml; path = Properties.plist; sourceTree = "<group>"; };
		98C78F081E16BBDE004A0688 /* Product.swift */ = {isa = PBXFileReference; fileEncoding = 4; lastKnownFileType = sourcecode.swift; path = Product.swift; sourceTree = "<group>"; };
		98C78F0A1E16BC99004A0688 /* Category.swift */ = {isa = PBXFileReference; fileEncoding = 4; lastKnownFileType = sourcecode.swift; path = Category.swift; sourceTree = "<group>"; };
		A86035C61DF839DF00579CC0 /* JoandiPhone.app */ = {isa = PBXFileReference; explicitFileType = wrapper.application; includeInIndex = 0; path = JoandiPhone.app; sourceTree = BUILT_PRODUCTS_DIR; };
		A86035C91DF839DF00579CC0 /* AppDelegate.swift */ = {isa = PBXFileReference; lastKnownFileType = sourcecode.swift; path = AppDelegate.swift; sourceTree = "<group>"; };
		A86035D01DF839DF00579CC0 /* Assets.xcassets */ = {isa = PBXFileReference; lastKnownFileType = folder.assetcatalog; path = Assets.xcassets; sourceTree = "<group>"; };
		A86035D31DF839DF00579CC0 /* Base */ = {isa = PBXFileReference; lastKnownFileType = file.storyboard; name = Base; path = Base.lproj/LaunchScreen.storyboard; sourceTree = "<group>"; };
		A86035D51DF839DF00579CC0 /* Info.plist */ = {isa = PBXFileReference; lastKnownFileType = text.plist.xml; path = Info.plist; sourceTree = "<group>"; };
		A86035DA1DF839DF00579CC0 /* JoandiPhoneTests.xctest */ = {isa = PBXFileReference; explicitFileType = wrapper.cfbundle; includeInIndex = 0; path = JoandiPhoneTests.xctest; sourceTree = BUILT_PRODUCTS_DIR; };
		A86035E51DF839E000579CC0 /* JoandiPhoneUITests.xctest */ = {isa = PBXFileReference; explicitFileType = wrapper.cfbundle; includeInIndex = 0; path = JoandiPhoneUITests.xctest; sourceTree = BUILT_PRODUCTS_DIR; };
		B2D0F8DF414F061B93CBAAC8 /* Pods-JoandiPhone.release.xcconfig */ = {isa = PBXFileReference; includeInIndex = 1; lastKnownFileType = text.xcconfig; name = "Pods-JoandiPhone.release.xcconfig"; path = "Pods/Target Support Files/Pods-JoandiPhone/Pods-JoandiPhone.release.xcconfig"; sourceTree = "<group>"; };
/* End PBXFileReference section */

/* Begin PBXFrameworksBuildPhase section */
		A86035C31DF839DF00579CC0 /* Frameworks */ = {
			isa = PBXFrameworksBuildPhase;
			buildActionMask = 2147483647;
			files = (
				A5DDF556D8EB32031D7336DD /* Pods_JoandiPhone.framework in Frameworks */,
			);
			runOnlyForDeploymentPostprocessing = 0;
		};
		A86035D71DF839DF00579CC0 /* Frameworks */ = {
			isa = PBXFrameworksBuildPhase;
			buildActionMask = 2147483647;
			files = (
			);
			runOnlyForDeploymentPostprocessing = 0;
		};
		A86035E21DF839E000579CC0 /* Frameworks */ = {
			isa = PBXFrameworksBuildPhase;
			buildActionMask = 2147483647;
			files = (
			);
			runOnlyForDeploymentPostprocessing = 0;
		};
/* End PBXFrameworksBuildPhase section */

/* Begin PBXGroup section */
		19DB33BF922CEFD9E1FDC62E /* Pods */ = {
			isa = PBXGroup;
			children = (
				6A956F8CE5FC7A4F45B0D566 /* Pods-JoandiPhone.debug.xcconfig */,
				B2D0F8DF414F061B93CBAAC8 /* Pods-JoandiPhone.release.xcconfig */,
			);
			name = Pods;
			sourceTree = "<group>";
		};
		2F5160D4E655E39D0881D2E9 /* Frameworks */ = {
			isa = PBXGroup;
			children = (
				33F4A4713375BC52DD590FA2 /* Pods_JoandiPhone.framework */,
			);
			name = Frameworks;
			sourceTree = "<group>";
		};
		9805025F1E31152E000C2E9E /* images */ = {
			isa = PBXGroup;
			children = (
				980DCEDD1E3171BA0012BE4D /* joandi.png */,
				9820670A1E311EAF00FC8732 /* Add_to_Cart-512.png */,
			);
			name = images;
			sourceTree = "<group>";
		};
		98C78EFD1E16B88B004A0688 /* Model */ = {
			isa = PBXGroup;
			children = (
				98C78F081E16BBDE004A0688 /* Product.swift */,
				98C78F0A1E16BC99004A0688 /* Category.swift */,
				9813818B1E3169B400EF90B1 /* cartProduct.swift */,
			);
			name = Model;
			sourceTree = "<group>";
		};
		98C78F071E16B973004A0688 /* ViewControllers */ = {
			isa = PBXGroup;
			children = (
				9862ECA71E198792000E5B28 /* ViewController.swift */,
				98A0022A1E19C68400260D64 /* LoginViewController.swift */,
				980458F61E2E592B00160645 /* RegisterViewController.swift */,
				980E8BE51E2FF05500ECB77D /* ProfileViewController.swift */,
				980E8BE71E2FF54000ECB77D /* ProductViewController.swift */,
			);
			name = ViewControllers;
			sourceTree = "<group>";
		};
		A86035BD1DF839DF00579CC0 = {
			isa = PBXGroup;
			children = (
				A86035C81DF839DF00579CC0 /* JoandiPhone */,
				A86035C71DF839DF00579CC0 /* Products */,
				19DB33BF922CEFD9E1FDC62E /* Pods */,
				2F5160D4E655E39D0881D2E9 /* Frameworks */,
			);
			sourceTree = "<group>";
		};
		A86035C71DF839DF00579CC0 /* Products */ = {
			isa = PBXGroup;
			children = (
				A86035C61DF839DF00579CC0 /* JoandiPhone.app */,
				A86035DA1DF839DF00579CC0 /* JoandiPhoneTests.xctest */,
				A86035E51DF839E000579CC0 /* JoandiPhoneUITests.xctest */,
			);
			name = Products;
			sourceTree = "<group>";
		};
		A86035C81DF839DF00579CC0 /* JoandiPhone */ = {
			isa = PBXGroup;
			children = (
				9805025F1E31152E000C2E9E /* images */,
				98C78F071E16B973004A0688 /* ViewControllers */,
				98C78EFD1E16B88B004A0688 /* Model */,
				A86035C91DF839DF00579CC0 /* AppDelegate.swift */,
				A86035D01DF839DF00579CC0 /* Assets.xcassets */,
				A86035D21DF839DF00579CC0 /* LaunchScreen.storyboard */,
				A86035D51DF839DF00579CC0 /* Info.plist */,
				98C78F051E16B8FA004A0688 /* Properties.plist */,
				98A823E91E2E5BB500C79210 /* main.storyboard */,
			);
			path = JoandiPhone;
			sourceTree = "<group>";
		};
/* End PBXGroup section */

/* Begin PBXNativeTarget section */
		A86035C51DF839DF00579CC0 /* JoandiPhone */ = {
			isa = PBXNativeTarget;
			buildConfigurationList = A86035EE1DF839E000579CC0 /* Build configuration list for PBXNativeTarget "JoandiPhone" */;
			buildPhases = (
				DC93CFCDC83098C9B44A4806 /* [CP] Check Pods Manifest.lock */,
				A86035C21DF839DF00579CC0 /* Sources */,
				A86035C31DF839DF00579CC0 /* Frameworks */,
				A86035C41DF839DF00579CC0 /* Resources */,
				5A0F94A56D3EC00B3315FB3B /* [CP] Embed Pods Frameworks */,
				EA65708B06C0B60918DFA5BB /* [CP] Copy Pods Resources */,
			);
			buildRules = (
			);
			dependencies = (
			);
			name = JoandiPhone;
			productName = JoandiPhone;
			productReference = A86035C61DF839DF00579CC0 /* JoandiPhone.app */;
			productType = "com.apple.product-type.application";
		};
		A86035D91DF839DF00579CC0 /* JoandiPhoneTests */ = {
			isa = PBXNativeTarget;
			buildConfigurationList = A86035F11DF839E000579CC0 /* Build configuration list for PBXNativeTarget "JoandiPhoneTests" */;
			buildPhases = (
				A86035D61DF839DF00579CC0 /* Sources */,
				A86035D71DF839DF00579CC0 /* Frameworks */,
				A86035D81DF839DF00579CC0 /* Resources */,
			);
			buildRules = (
			);
			dependencies = (
				A86035DC1DF839DF00579CC0 /* PBXTargetDependency */,
			);
			name = JoandiPhoneTests;
			productName = JoandiPhoneTests;
			productReference = A86035DA1DF839DF00579CC0 /* JoandiPhoneTests.xctest */;
			productType = "com.apple.product-type.bundle.unit-test";
		};
		A86035E41DF839E000579CC0 /* JoandiPhoneUITests */ = {
			isa = PBXNativeTarget;
			buildConfigurationList = A86035F41DF839E000579CC0 /* Build configuration list for PBXNativeTarget "JoandiPhoneUITests" */;
			buildPhases = (
				A86035E11DF839E000579CC0 /* Sources */,
				A86035E21DF839E000579CC0 /* Frameworks */,
				A86035E31DF839E000579CC0 /* Resources */,
			);
			buildRules = (
			);
			dependencies = (
				A86035E71DF839E000579CC0 /* PBXTargetDependency */,
			);
			name = JoandiPhoneUITests;
			productName = JoandiPhoneUITests;
			productReference = A86035E51DF839E000579CC0 /* JoandiPhoneUITests.xctest */;
			productType = "com.apple.product-type.bundle.ui-testing";
		};
/* End PBXNativeTarget section */

/* Begin PBXProject section */
		A86035BE1DF839DF00579CC0 /* Project object */ = {
			isa = PBXProject;
			attributes = {
				LastSwiftUpdateCheck = 0810;
				LastUpgradeCheck = 0820;
				ORGANIZATIONNAME = Jovi;
				TargetAttributes = {
					A86035C51DF839DF00579CC0 = {
						CreatedOnToolsVersion = 8.1;
						ProvisioningStyle = Automatic;
					};
					A86035D91DF839DF00579CC0 = {
						CreatedOnToolsVersion = 8.1;
						ProvisioningStyle = Automatic;
						TestTargetID = A86035C51DF839DF00579CC0;
					};
					A86035E41DF839E000579CC0 = {
						CreatedOnToolsVersion = 8.1;
						ProvisioningStyle = Automatic;
						TestTargetID = A86035C51DF839DF00579CC0;
					};
				};
			};
			buildConfigurationList = A86035C11DF839DF00579CC0 /* Build configuration list for PBXProject "JoandiPhone" */;
			compatibilityVersion = "Xcode 3.2";
			developmentRegion = English;
			hasScannedForEncodings = 0;
			knownRegions = (
				en,
				Base,
			);
			mainGroup = A86035BD1DF839DF00579CC0;
			productRefGroup = A86035C71DF839DF00579CC0 /* Products */;
			projectDirPath = "";
			projectRoot = "";
			targets = (
				A86035C51DF839DF00579CC0 /* JoandiPhone */,
				A86035D91DF839DF00579CC0 /* JoandiPhoneTests */,
				A86035E41DF839E000579CC0 /* JoandiPhoneUITests */,
			);
		};
/* End PBXProject section */

/* Begin PBXResourcesBuildPhase section */
		A86035C41DF839DF00579CC0 /* Resources */ = {
			isa = PBXResourcesBuildPhase;
			buildActionMask = 2147483647;
			files = (
				98A823EA1E2E5BB500C79210 /* main.storyboard in Resources */,
				A86035D41DF839DF00579CC0 /* LaunchScreen.storyboard in Resources */,
				A86035D11DF839DF00579CC0 /* Assets.xcassets in Resources */,
				98C78F061E16B8FA004A0688 /* Properties.plist in Resources */,
				9820670B1E311EAF00FC8732 /* Add_to_Cart-512.png in Resources */,
				980DCEDE1E3171BA0012BE4D /* joandi.png in Resources */,
			);
			runOnlyForDeploymentPostprocessing = 0;
		};
		A86035D81DF839DF00579CC0 /* Resources */ = {
			isa = PBXResourcesBuildPhase;
			buildActionMask = 2147483647;
			files = (
			);
			runOnlyForDeploymentPostprocessing = 0;
		};
		A86035E31DF839E000579CC0 /* Resources */ = {
			isa = PBXResourcesBuildPhase;
			buildActionMask = 2147483647;
			files = (
			);
			runOnlyForDeploymentPostprocessing = 0;
		};
/* End PBXResourcesBuildPhase section */

/* Begin PBXShellScriptBuildPhase section */
		5A0F94A56D3EC00B3315FB3B /* [CP] Embed Pods Frameworks */ = {
			isa = PBXShellScriptBuildPhase;
			buildActionMask = 2147483647;
			files = (
			);
			inputPaths = (
			);
			name = "[CP] Embed Pods Frameworks";
			outputPaths = (
			);
			runOnlyForDeploymentPostprocessing = 0;
			shellPath = /bin/sh;
			shellScript = "\"${SRCROOT}/Pods/Target Support Files/Pods-JoandiPhone/Pods-JoandiPhone-frameworks.sh\"\n";
			showEnvVarsInLog = 0;
		};
		DC93CFCDC83098C9B44A4806 /* [CP] Check Pods Manifest.lock */ = {
			isa = PBXShellScriptBuildPhase;
			buildActionMask = 2147483647;
			files = (
			);
			inputPaths = (
			);
			name = "[CP] Check Pods Manifest.lock";
			outputPaths = (
			);
			runOnlyForDeploymentPostprocessing = 0;
			shellPath = /bin/sh;
			shellScript = "diff \"${PODS_ROOT}/../Podfile.lock\" \"${PODS_ROOT}/Manifest.lock\" > /dev/null\nif [ $? != 0 ] ; then\n    # print error to STDERR\n    echo \"error: The sandbox is not in sync with the Podfile.lock. Run 'pod install' or update your CocoaPods installation.\" >&2\n    exit 1\nfi\n";
			showEnvVarsInLog = 0;
		};
		EA65708B06C0B60918DFA5BB /* [CP] Copy Pods Resources */ = {
			isa = PBXShellScriptBuildPhase;
			buildActionMask = 2147483647;
			files = (
			);
			inputPaths = (
			);
			name = "[CP] Copy Pods Resources";
			outputPaths = (
			);
			runOnlyForDeploymentPostprocessing = 0;
			shellPath = /bin/sh;
			shellScript = "\"${SRCROOT}/Pods/Target Support Files/Pods-JoandiPhone/Pods-JoandiPhone-resources.sh\"\n";
			showEnvVarsInLog = 0;
		};
/* End PBXShellScriptBuildPhase section */

/* Begin PBXSourcesBuildPhase section */
		A86035C21DF839DF00579CC0 /* Sources */ = {
			isa = PBXSourcesBuildPhase;
			buildActionMask = 2147483647;
			files = (
				9862ECA81E198792000E5B28 /* ViewController.swift in Sources */,
				9813818C1E3169B400EF90B1 /* cartProduct.swift in Sources */,
				980458F71E2E592B00160645 /* RegisterViewController.swift in Sources */,
				98C78F091E16BBDE004A0688 /* Product.swift in Sources */,
				A86035CA1DF839DF00579CC0 /* AppDelegate.swift in Sources */,
				980E8BE61E2FF05500ECB77D /* ProfileViewController.swift in Sources */,
				98A0022B1E19C68400260D64 /* LoginViewController.swift in Sources */,
				980E8BE81E2FF54000ECB77D /* ProductViewController.swift in Sources */,
				98C78F0B1E16BC99004A0688 /* Category.swift in Sources */,
			);
			runOnlyForDeploymentPostprocessing = 0;
		};
		A86035D61DF839DF00579CC0 /* Sources */ = {
			isa = PBXSourcesBuildPhase;
			buildActionMask = 2147483647;
			files = (
			);
			runOnlyForDeploymentPostprocessing = 0;
		};
		A86035E11DF839E000579CC0 /* Sources */ = {
			isa = PBXSourcesBuildPhase;
			buildActionMask = 2147483647;
			files = (
			);
			runOnlyForDeploymentPostprocessing = 0;
		};
/* End PBXSourcesBuildPhase section */

/* Begin PBXTargetDependency section */
		A86035DC1DF839DF00579CC0 /* PBXTargetDependency */ = {
			isa = PBXTargetDependency;
			target = A86035C51DF839DF00579CC0 /* JoandiPhone */;
			targetProxy = A86035DB1DF839DF00579CC0 /* PBXContainerItemProxy */;
		};
		A86035E71DF839E000579CC0 /* PBXTargetDependency */ = {
			isa = PBXTargetDependency;
			target = A86035C51DF839DF00579CC0 /* JoandiPhone */;
			targetProxy = A86035E61DF839E000579CC0 /* PBXContainerItemProxy */;
		};
/* End PBXTargetDependency section */

/* Begin PBXVariantGroup section */
		A86035D21DF839DF00579CC0 /* LaunchScreen.storyboard */ = {
			isa = PBXVariantGroup;
			children = (
				A86035D31DF839DF00579CC0 /* Base */,
			);
			name = LaunchScreen.storyboard;
			sourceTree = "<group>";
		};
/* End PBXVariantGroup section */

/* Begin XCBuildConfiguration section */
		A86035EC1DF839E000579CC0 /* Debug */ = {
			isa = XCBuildConfiguration;
			buildSettings = {
				ALWAYS_SEARCH_USER_PATHS = NO;
				CLANG_ANALYZER_NONNULL = YES;
				CLANG_CXX_LANGUAGE_STANDARD = "gnu++0x";
				CLANG_CXX_LIBRARY = "libc++";
				CLANG_ENABLE_MODULES = YES;
				CLANG_ENABLE_OBJC_ARC = YES;
				CLANG_WARN_BOOL_CONVERSION = YES;
				CLANG_WARN_CONSTANT_CONVERSION = YES;
				CLANG_WARN_DIRECT_OBJC_ISA_USAGE = YES_ERROR;
				CLANG_WARN_DOCUMENTATION_COMMENTS = YES;
				CLANG_WARN_EMPTY_BODY = YES;
				CLANG_WARN_ENUM_CONVERSION = YES;
				CLANG_WARN_INFINITE_RECURSION = YES;
				CLANG_WARN_INT_CONVERSION = YES;
				CLANG_WARN_OBJC_ROOT_CLASS = YES_ERROR;
				CLANG_WARN_SUSPICIOUS_MOVE = YES;
				CLANG_WARN_SUSPICIOUS_MOVES = YES;
				CLANG_WARN_UNREACHABLE_CODE = YES;
				CLANG_WARN__DUPLICATE_METHOD_MATCH = YES;
				"CODE_SIGN_IDENTITY[sdk=iphoneos*]" = "iPhone Developer";
				COPY_PHASE_STRIP = NO;
				DEBUG_INFORMATION_FORMAT = dwarf;
				ENABLE_STRICT_OBJC_MSGSEND = YES;
				ENABLE_TESTABILITY = YES;
				GCC_C_LANGUAGE_STANDARD = gnu99;
				GCC_DYNAMIC_NO_PIC = NO;
				GCC_NO_COMMON_BLOCKS = YES;
				GCC_OPTIMIZATION_LEVEL = 0;
				GCC_PREPROCESSOR_DEFINITIONS = (
					"DEBUG=1",
					"$(inherited)",
				);
				GCC_WARN_64_TO_32_BIT_CONVERSION = YES;
				GCC_WARN_ABOUT_RETURN_TYPE = YES_ERROR;
				GCC_WARN_UNDECLARED_SELECTOR = YES;
				GCC_WARN_UNINITIALIZED_AUTOS = YES_AGGRESSIVE;
				GCC_WARN_UNUSED_FUNCTION = YES;
				GCC_WARN_UNUSED_VARIABLE = YES;
				IPHONEOS_DEPLOYMENT_TARGET = 10.1;
				MTL_ENABLE_DEBUG_INFO = YES;
				ONLY_ACTIVE_ARCH = YES;
				SDKROOT = iphoneos;
				SWIFT_ACTIVE_COMPILATION_CONDITIONS = DEBUG;
				SWIFT_OPTIMIZATION_LEVEL = "-Onone";
				TARGETED_DEVICE_FAMILY = "1,2";
			};
			name = Debug;
		};
		A86035ED1DF839E000579CC0 /* Release */ = {
			isa = XCBuildConfiguration;
			buildSettings = {
				ALWAYS_SEARCH_USER_PATHS = NO;
				CLANG_ANALYZER_NONNULL = YES;
				CLANG_CXX_LANGUAGE_STANDARD = "gnu++0x";
				CLANG_CXX_LIBRARY = "libc++";
				CLANG_ENABLE_MODULES = YES;
				CLANG_ENABLE_OBJC_ARC = YES;
				CLANG_WARN_BOOL_CONVERSION = YES;
				CLANG_WARN_CONSTANT_CONVERSION = YES;
				CLANG_WARN_DIRECT_OBJC_ISA_USAGE = YES_ERROR;
				CLANG_WARN_DOCUMENTATION_COMMENTS = YES;
				CLANG_WARN_EMPTY_BODY = YES;
				CLANG_WARN_ENUM_CONVERSION = YES;
				CLANG_WARN_INFINITE_RECURSION = YES;
				CLANG_WARN_INT_CONVERSION = YES;
				CLANG_WARN_OBJC_ROOT_CLASS = YES_ERROR;
				CLANG_WARN_SUSPICIOUS_MOVE = YES;
				CLANG_WARN_SUSPICIOUS_MOVES = YES;
				CLANG_WARN_UNREACHABLE_CODE = YES;
				CLANG_WARN__DUPLICATE_METHOD_MATCH = YES;
				"CODE_SIGN_IDENTITY[sdk=iphoneos*]" = "iPhone Developer";
				COPY_PHASE_STRIP = NO;
				DEBUG_INFORMATION_FORMAT = "dwarf-with-dsym";
				ENABLE_NS_ASSERTIONS = NO;
				ENABLE_STRICT_OBJC_MSGSEND = YES;
				GCC_C_LANGUAGE_STANDARD = gnu99;
				GCC_NO_COMMON_BLOCKS = YES;
				GCC_WARN_64_TO_32_BIT_CONVERSION = YES;
				GCC_WARN_ABOUT_RETURN_TYPE = YES_ERROR;
				GCC_WARN_UNDECLARED_SELECTOR = YES;
				GCC_WARN_UNINITIALIZED_AUTOS = YES_AGGRESSIVE;
				GCC_WARN_UNUSED_FUNCTION = YES;
				GCC_WARN_UNUSED_VARIABLE = YES;
				IPHONEOS_DEPLOYMENT_TARGET = 10.1;
				MTL_ENABLE_DEBUG_INFO = NO;
				SDKROOT = iphoneos;
				SWIFT_OPTIMIZATION_LEVEL = "-Owholemodule";
				TARGETED_DEVICE_FAMILY = "1,2";
				VALIDATE_PRODUCT = YES;
			};
			name = Release;
		};
		A86035EF1DF839E000579CC0 /* Debug */ = {
			isa = XCBuildConfiguration;
			baseConfigurationReference = 6A956F8CE5FC7A4F45B0D566 /* Pods-JoandiPhone.debug.xcconfig */;
			buildSettings = {
				ALWAYS_EMBED_SWIFT_STANDARD_LIBRARIES = YES;
				ASSETCATALOG_COMPILER_APPICON_NAME = AppIcon;
				INFOPLIST_FILE = JoandiPhone/Info.plist;
				LD_RUNPATH_SEARCH_PATHS = "$(inherited) @executable_path/Frameworks";
				PRODUCT_BUNDLE_IDENTIFIER = com.example.JoandiPhone;
				PRODUCT_NAME = "$(TARGET_NAME)";
				SWIFT_VERSION = 3.0;
			};
			name = Debug;
		};
		A86035F01DF839E000579CC0 /* Release */ = {
			isa = XCBuildConfiguration;
			baseConfigurationReference = B2D0F8DF414F061B93CBAAC8 /* Pods-JoandiPhone.release.xcconfig */;
			buildSettings = {
				ALWAYS_EMBED_SWIFT_STANDARD_LIBRARIES = YES;
				ASSETCATALOG_COMPILER_APPICON_NAME = AppIcon;
				INFOPLIST_FILE = JoandiPhone/Info.plist;
				LD_RUNPATH_SEARCH_PATHS = "$(inherited) @executable_path/Frameworks";
				PRODUCT_BUNDLE_IDENTIFIER = com.example.JoandiPhone;
				PRODUCT_NAME = "$(TARGET_NAME)";
				SWIFT_VERSION = 3.0;
			};
			name = Release;
		};
		A86035F21DF839E000579CC0 /* Debug */ = {
			isa = XCBuildConfiguration;
			buildSettings = {
				ALWAYS_EMBED_SWIFT_STANDARD_LIBRARIES = YES;
				BUNDLE_LOADER = "$(TEST_HOST)";
				INFOPLIST_FILE = JoandiPhoneTests/Info.plist;
				LD_RUNPATH_SEARCH_PATHS = "$(inherited) @executable_path/Frameworks @loader_path/Frameworks";
				PRODUCT_BUNDLE_IDENTIFIER = com.example.JoandiPhoneTests;
				PRODUCT_NAME = "$(TARGET_NAME)";
				SWIFT_VERSION = 3.0;
				TEST_HOST = "$(BUILT_PRODUCTS_DIR)/JoandiPhone.app/JoandiPhone";
			};
			name = Debug;
		};
		A86035F31DF839E000579CC0 /* Release */ = {
			isa = XCBuildConfiguration;
			buildSettings = {
				ALWAYS_EMBED_SWIFT_STANDARD_LIBRARIES = YES;
				BUNDLE_LOADER = "$(TEST_HOST)";
				INFOPLIST_FILE = JoandiPhoneTests/Info.plist;
				LD_RUNPATH_SEARCH_PATHS = "$(inherited) @executable_path/Frameworks @loader_path/Frameworks";
				PRODUCT_BUNDLE_IDENTIFIER = com.example.JoandiPhoneTests;
				PRODUCT_NAME = "$(TARGET_NAME)";
				SWIFT_VERSION = 3.0;
				TEST_HOST = "$(BUILT_PRODUCTS_DIR)/JoandiPhone.app/JoandiPhone";
			};
			name = Release;
		};
		A86035F51DF839E000579CC0 /* Debug */ = {
			isa = XCBuildConfiguration;
			buildSettings = {
				ALWAYS_EMBED_SWIFT_STANDARD_LIBRARIES = YES;
				INFOPLIST_FILE = JoandiPhoneUITests/Info.plist;
				LD_RUNPATH_SEARCH_PATHS = "$(inherited) @executable_path/Frameworks @loader_path/Frameworks";
				PRODUCT_BUNDLE_IDENTIFIER = com.example.JoandiPhoneUITests;
				PRODUCT_NAME = "$(TARGET_NAME)";
				SWIFT_VERSION = 3.0;
				TEST_TARGET_NAME = JoandiPhone;
			};
			name = Debug;
		};
		A86035F61DF839E000579CC0 /* Release */ = {
			isa = XCBuildConfiguration;
			buildSettings = {
				ALWAYS_EMBED_SWIFT_STANDARD_LIBRARIES = YES;
				INFOPLIST_FILE = JoandiPhoneUITests/Info.plist;
				LD_RUNPATH_SEARCH_PATHS = "$(inherited) @executable_path/Frameworks @loader_path/Frameworks";
				PRODUCT_BUNDLE_IDENTIFIER = com.example.JoandiPhoneUITests;
				PRODUCT_NAME = "$(TARGET_NAME)";
				SWIFT_VERSION = 3.0;
				TEST_TARGET_NAME = JoandiPhone;
			};
			name = Release;
		};
/* End XCBuildConfiguration section */

/* Begin XCConfigurationList section */
		A86035C11DF839DF00579CC0 /* Build configuration list for PBXProject "JoandiPhone" */ = {
			isa = XCConfigurationList;
			buildConfigurations = (
				A86035EC1DF839E000579CC0 /* Debug */,
				A86035ED1DF839E000579CC0 /* Release */,
			);
			defaultConfigurationIsVisible = 0;
			defaultConfigurationName = Release;
		};
		A86035EE1DF839E000579CC0 /* Build configuration list for PBXNativeTarget "JoandiPhone" */ = {
			isa = XCConfigurationList;
			buildConfigurations = (
				A86035EF1DF839E000579CC0 /* Debug */,
				A86035F01DF839E000579CC0 /* Release */,
			);
			defaultConfigurationIsVisible = 0;
			defaultConfigurationName = Release;
		};
		A86035F11DF839E000579CC0 /* Build configuration list for PBXNativeTarget "JoandiPhoneTests" */ = {
			isa = XCConfigurationList;
			buildConfigurations = (
				A86035F21DF839E000579CC0 /* Debug */,
				A86035F31DF839E000579CC0 /* Release */,
			);
			defaultConfigurationIsVisible = 0;
			defaultConfigurationName = Release;
		};
		A86035F41DF839E000579CC0 /* Build configuration list for PBXNativeTarget "JoandiPhoneUITests" */ = {
			isa = XCConfigurationList;
			buildConfigurations = (
				A86035F51DF839E000579CC0 /* Debug */,
				A86035F61DF839E000579CC0 /* Release */,
			);
			defaultConfigurationIsVisible = 0;
			defaultConfigurationName = Release;
		};
/* End XCConfigurationList section */
	};
	rootObject = A86035BE1DF839DF00579CC0 /* Project object */;
}
